
Microsoft Visual Studio Solution File, Format Version 12.00
# Visual Studio Version 17
VisualStudioVersion = 17.3.32901.215
MinimumVisualStudioVersion = 10.0.40219.1
Project("{FAE04EC0-301F-11D3-BF4B-00C04F79EFBC}") = "VideoTutorial", "VideoTutorial\VideoTutorial.csproj", "{06C0422D-B6AA-4F36-A577-290231A824A9}"
EndProject
Global
	GlobalSection(SolutionConfigurationPlatforms) = preSolution
		Debug|Any CPU = Debug|Any CPU
		Release|Any CPU = Release|Any CPU
	EndGlobalSection
	GlobalSection(ProjectConfigurationPlatforms) = postSolution
		{06C0422D-B6AA-4F36-A577-290231A824A9}.Debug|Any CPU.ActiveCfg = Debug|Any CPU
		{06C0422D-B6AA-4F36-A577-290231A824A9}.Debug|Any CPU.Build.0 = Debug|Any CPU
		{06C0422D-B6AA-4F36-A577-290231A824A9}.Release|Any CPU.ActiveCfg = Release|Any CPU
		{06C0422D-B6AA-4F36-A577-290231A824A9}.Release|Any CPU.Build.0 = Release|Any CPU
	EndGlobalSection
	GlobalSection(SolutionProperties) = preSolution
		HideSolutionNode = FALSE
	EndGlobalSection
	GlobalSection(ExtensibilityGlobals) = postSolution
		SolutionGuid = {CE2EB2B8-A5B9-4A2D-B4AC-38C3940B5E12}
	EndGlobalSection
EndGlobal
